
Microsoft Visual Studio Solution File, Format Version 12.00
# Visual Studio Version 16
VisualStudioVersion = 16.0.30204.135
MinimumVisualStudioVersion = 10.0.40219.1
Project("{9A19103F-16F7-4668-BE54-9A1E7A4F7556}") = "Farm", "E:\C# programs\Homeworks and Exams\C# OOP\Inheritance - Lab\Single Inheritance\Farm.csproj", "{4E0388C9-B009-4517-93DA-1683FE78A5FA}"
EndProject
Project("{9A19103F-16F7-4668-BE54-9A1E7A4F7556}") = "CustomRandomList", "E:\C# programs\Homeworks and Exams\C# OOP\Inheritance - Lab\CustomRandomList\CustomRandomList.csproj", "{7129C119-BEED-4E81-8B64-7B4B6A6998BC}"
EndProject
Global
	GlobalSection(SolutionConfigurationPlatforms) = preSolution
		Debug|Any CPU = Debug|Any CPU
		Release|Any CPU = Release|Any CPU
	EndGlobalSection
	GlobalSection(ProjectConfigurationPlatforms) = postSolution
		{4E0388C9-B009-4517-93DA-1683FE78A5FA}.Debug|Any CPU.ActiveCfg = Debug|Any CPU
		{4E0388C9-B009-4517-93DA-1683FE78A5FA}.Debug|Any CPU.Build.0 = Debug|Any CPU
		{4E0388C9-B009-4517-93DA-1683FE78A5FA}.Release|Any CPU.ActiveCfg = Release|Any CPU
		{4E0388C9-B009-4517-93DA-1683FE78A5FA}.Release|Any CPU.Build.0 = Release|Any CPU
		{7129C119-BEED-4E81-8B64-7B4B6A6998BC}.Debug|Any CPU.ActiveCfg = Debug|Any CPU
		{7129C119-BEED-4E81-8B64-7B4B6A6998BC}.Debug|Any CPU.Build.0 = Debug|Any CPU
		{7129C119-BEED-4E81-8B64-7B4B6A6998BC}.Release|Any CPU.ActiveCfg = Release|Any CPU
		{7129C119-BEED-4E81-8B64-7B4B6A6998BC}.Release|Any CPU.Build.0 = Release|Any CPU
	EndGlobalSection
	GlobalSection(SolutionProperties) = preSolution
		HideSolutionNode = FALSE
	EndGlobalSection
	GlobalSection(ExtensibilityGlobals) = postSolution
		SolutionGuid = {DA91451B-5D44-48D0-9ADB-9BA6E55F9C1A}
	EndGlobalSection
EndGlobal
